
Microsoft Visual Studio Solution File, Format Version 12.00
# Visual Studio Version 17
VisualStudioVersion = 17.4.33110.190
MinimumVisualStudioVersion = 10.0.40219.1
Project("{FAE04EC0-301F-11D3-BF4B-00C04F79EFBC}") = "GeronFormulasi", "GeronFormulasi.csproj", "{079CB11D-D9A7-40C5-8082-E3176100850A}"
EndProject
Global
	GlobalSection(SolutionConfigurationPlatforms) = preSolution
		Debug|Any CPU = Debug|Any CPU
		Release|Any CPU = Release|Any CPU
	EndGlobalSection
	GlobalSection(ProjectConfigurationPlatforms) = postSolution
		{079CB11D-D9A7-40C5-8082-E3176100850A}.Debug|Any CPU.ActiveCfg = Debug|Any CPU
		{079CB11D-D9A7-40C5-8082-E3176100850A}.Debug|Any CPU.Build.0 = Debug|Any CPU
		{079CB11D-D9A7-40C5-8082-E3176100850A}.Release|Any CPU.ActiveCfg = Release|Any CPU
		{079CB11D-D9A7-40C5-8082-E3176100850A}.Release|Any CPU.Build.0 = Release|Any CPU
	EndGlobalSection
	GlobalSection(SolutionProperties) = preSolution
		HideSolutionNode = FALSE
	EndGlobalSection
	GlobalSection(ExtensibilityGlobals) = postSolution
		SolutionGuid = {6857D76C-689D-4AE4-841E-4969163ED31A}
	EndGlobalSection
EndGlobal
